
Microsoft Visual Studio Solution File, Format Version 12.00
# Visual Studio 14
VisualStudioVersion = 14.0.25420.1
MinimumVisualStudioVersion = 10.0.40219.1
Project("{FAE04EC0-301F-11D3-BF4B-00C04F79EFBC}") = "Big O", "Big O\Big O.csproj", "{A9BFD2A2-F9AC-450D-AC24-5CDE7D01943C}"
EndProject
Global
	GlobalSection(SolutionConfigurationPlatforms) = preSolution
		Debug|Any CPU = Debug|Any CPU
		Release|Any CPU = Release|Any CPU
	EndGlobalSection
	GlobalSection(ProjectConfigurationPlatforms) = postSolution
		{A9BFD2A2-F9AC-450D-AC24-5CDE7D01943C}.Debug|Any CPU.ActiveCfg = Debug|Any CPU
		{A9BFD2A2-F9AC-450D-AC24-5CDE7D01943C}.Debug|Any CPU.Build.0 = Debug|Any CPU
		{A9BFD2A2-F9AC-450D-AC24-5CDE7D01943C}.Release|Any CPU.ActiveCfg = Release|Any CPU
		{A9BFD2A2-F9AC-450D-AC24-5CDE7D01943C}.Release|Any CPU.Build.0 = Release|Any CPU
	EndGlobalSection
	GlobalSection(SolutionProperties) = preSolution
		HideSolutionNode = FALSE
	EndGlobalSection
EndGlobal
